// !$*UTF8*$!
{
	archiveVersion = 1;
	classes = {
	};
	objectVersion = 46;
	objects = {

/* Begin PBXBuildFile section */
		414C157D1FE53414008B2BDD /* LaunchScreenController.swift in Sources */ = {isa = PBXBuildFile; fileRef = 414C157C1FE53414008B2BDD /* LaunchScreenController.swift */; };
		41F236D01FE913A7007175CB /* MyCollectionViewCell.swift in Sources */ = {isa = PBXBuildFile; fileRef = 41F236CE1FE913A7007175CB /* MyCollectionViewCell.swift */; };
		41F236D31FE913DE007175CB /* NewCollectionViewController.swift in Sources */ = {isa = PBXBuildFile; fileRef = 41F236D21FE913DE007175CB /* NewCollectionViewController.swift */; };
		41F236DB1FE96118007175CB /* TableViewController.swift in Sources */ = {isa = PBXBuildFile; fileRef = 41F236DA1FE96118007175CB /* TableViewController.swift */; };
		9C4BE413792EB7BF27E39B0B /* Pods_Timelapse_Pro.framework in Frameworks */ = {isa = PBXBuildFile; fileRef = 1AD443555F04902BECA19BE0 /* Pods_Timelapse_Pro.framework */; };
		B15812261F71A566008B81F2 /* MBProgressHUD.m in Sources */ = {isa = PBXBuildFile; fileRef = B15812251F71A566008B81F2 /* MBProgressHUD.m */; };
		B15812291F71A669008B81F2 /* BluetoothSerial.swift in Sources */ = {isa = PBXBuildFile; fileRef = B15812281F71A669008B81F2 /* BluetoothSerial.swift */; };
		B158122B1F71A699008B81F2 /* ScannerViewController.swift in Sources */ = {isa = PBXBuildFile; fileRef = B158122A1F71A699008B81F2 /* ScannerViewController.swift */; };
		B1C695391F7179D400A3EC32 /* AppDelegate.swift in Sources */ = {isa = PBXBuildFile; fileRef = B1C695381F7179D400A3EC32 /* AppDelegate.swift */; };
		B1C6953B1F7179D400A3EC32 /* SerialViewController.swift in Sources */ = {isa = PBXBuildFile; fileRef = B1C6953A1F7179D400A3EC32 /* SerialViewController.swift */; };
		B1C6953E1F7179D400A3EC32 /* Main.storyboard in Resources */ = {isa = PBXBuildFile; fileRef = B1C6953C1F7179D400A3EC32 /* Main.storyboard */; };
		B1C695401F7179D400A3EC32 /* Assets.xcassets in Resources */ = {isa = PBXBuildFile; fileRef = B1C6953F1F7179D400A3EC32 /* Assets.xcassets */; };
		B1C695431F7179D400A3EC32 /* LaunchScreen.storyboard in Resources */ = {isa = PBXBuildFile; fileRef = B1C695411F7179D400A3EC32 /* LaunchScreen.storyboard */; };
		B1D9DCB31FED3E7F00B2941A /* UIViewExtensions.swift in Sources */ = {isa = PBXBuildFile; fileRef = B1D9DCB21FED3E7F00B2941A /* UIViewExtensions.swift */; };
/* End PBXBuildFile section */

/* Begin PBXFileReference section */
		1AD443555F04902BECA19BE0 /* Pods_Timelapse_Pro.framework */ = {isa = PBXFileReference; explicitFileType = wrapper.framework; includeInIndex = 0; path = Pods_Timelapse_Pro.framework; sourceTree = BUILT_PRODUCTS_DIR; };
		3C21DD8D46D7C5D8CC32B002 /* Pods-Timelapse Pro.release.xcconfig */ = {isa = PBXFileReference; includeInIndex = 1; lastKnownFileType = text.xcconfig; name = "Pods-Timelapse Pro.release.xcconfig"; path = "Pods/Target Support Files/Pods-Timelapse Pro/Pods-Timelapse Pro.release.xcconfig"; sourceTree = "<group>"; };
		414C157C1FE53414008B2BDD /* LaunchScreenController.swift */ = {isa = PBXFileReference; lastKnownFileType = sourcecode.swift; path = LaunchScreenController.swift; sourceTree = "<group>"; };
		41F236CE1FE913A7007175CB /* MyCollectionViewCell.swift */ = {isa = PBXFileReference; lastKnownFileType = sourcecode.swift; path = MyCollectionViewCell.swift; sourceTree = "<group>"; };
		41F236D21FE913DE007175CB /* NewCollectionViewController.swift */ = {isa = PBXFileReference; lastKnownFileType = sourcecode.swift; path = NewCollectionViewController.swift; sourceTree = "<group>"; };
		41F236DA1FE96118007175CB /* TableViewController.swift */ = {isa = PBXFileReference; lastKnownFileType = sourcecode.swift; path = TableViewController.swift; sourceTree = "<group>"; };
		B15812241F71A566008B81F2 /* MBProgressHUD.h */ = {isa = PBXFileReference; fileEncoding = 4; lastKnownFileType = sourcecode.c.h; path = MBProgressHUD.h; sourceTree = "<group>"; };
		B15812251F71A566008B81F2 /* MBProgressHUD.m */ = {isa = PBXFileReference; fileEncoding = 4; lastKnownFileType = sourcecode.c.objc; path = MBProgressHUD.m; sourceTree = "<group>"; };
		B15812271F71A574008B81F2 /* Timelapse Pro-Bridging-Header.h */ = {isa = PBXFileReference; lastKnownFileType = sourcecode.c.h; path = "Timelapse Pro-Bridging-Header.h"; sourceTree = "<group>"; };
		B15812281F71A669008B81F2 /* BluetoothSerial.swift */ = {isa = PBXFileReference; fileEncoding = 4; lastKnownFileType = sourcecode.swift; path = BluetoothSerial.swift; sourceTree = "<group>"; };
		B158122A1F71A699008B81F2 /* ScannerViewController.swift */ = {isa = PBXFileReference; fileEncoding = 4; lastKnownFileType = sourcecode.swift; path = ScannerViewController.swift; sourceTree = "<group>"; };
		B1C695351F7179D400A3EC32 /* Timelapse Pro.app */ = {isa = PBXFileReference; explicitFileType = wrapper.application; includeInIndex = 0; path = "Timelapse Pro.app"; sourceTree = BUILT_PRODUCTS_DIR; };
		B1C695381F7179D400A3EC32 /* AppDelegate.swift */ = {isa = PBXFileReference; lastKnownFileType = sourcecode.swift; path = AppDelegate.swift; sourceTree = "<group>"; };
		B1C6953A1F7179D400A3EC32 /* SerialViewController.swift */ = {isa = PBXFileReference; lastKnownFileType = sourcecode.swift; path = SerialViewController.swift; sourceTree = "<group>"; };
		B1C6953D1F7179D400A3EC32 /* Base */ = {isa = PBXFileReference; lastKnownFileType = file.storyboard; name = Base; path = Base.lproj/Main.storyboard; sourceTree = "<group>"; };
		B1C6953F1F7179D400A3EC32 /* Assets.xcassets */ = {isa = PBXFileReference; lastKnownFileType = folder.assetcatalog; path = Assets.xcassets; sourceTree = "<group>"; };
		B1C695421F7179D400A3EC32 /* Base */ = {isa = PBXFileReference; lastKnownFileType = file.storyboard; name = Base; path = Base.lproj/LaunchScreen.storyboard; sourceTree = "<group>"; };
		B1C695441F7179D400A3EC32 /* Info.plist */ = {isa = PBXFileReference; lastKnownFileType = text.plist.xml; path = Info.plist; sourceTree = "<group>"; };
		B1D9DCB21FED3E7F00B2941A /* UIViewExtensions.swift */ = {isa = PBXFileReference; fileEncoding = 4; lastKnownFileType = sourcecode.swift; path = UIViewExtensions.swift; sourceTree = "<group>"; };
		F78A49B69C568464145406FD /* Pods-Timelapse Pro.debug.xcconfig */ = {isa = PBXFileReference; includeInIndex = 1; lastKnownFileType = text.xcconfig; name = "Pods-Timelapse Pro.debug.xcconfig"; path = "Pods/Target Support Files/Pods-Timelapse Pro/Pods-Timelapse Pro.debug.xcconfig"; sourceTree = "<group>"; };
/* End PBXFileReference section */

/* Begin PBXFrameworksBuildPhase section */
		B1C695321F7179D400A3EC32 /* Frameworks */ = {
			isa = PBXFrameworksBuildPhase;
			buildActionMask = 2147483647;
			files = (
				9C4BE413792EB7BF27E39B0B /* Pods_Timelapse_Pro.framework in Frameworks */,
			);
			runOnlyForDeploymentPostprocessing = 0;
		};
/* End PBXFrameworksBuildPhase section */

/* Begin PBXGroup section */
		16360528A7D23B7290A3EBB7 /* Pods */ = {
			isa = PBXGroup;
			children = (
				F78A49B69C568464145406FD /* Pods-Timelapse Pro.debug.xcconfig */,
				3C21DD8D46D7C5D8CC32B002 /* Pods-Timelapse Pro.release.xcconfig */,
			);
			name = Pods;
			sourceTree = "<group>";
		};
		34007DCC0941B26E3FF4CCA5 /* Frameworks */ = {
			isa = PBXGroup;
			children = (
				1AD443555F04902BECA19BE0 /* Pods_Timelapse_Pro.framework */,
			);
			name = Frameworks;
			sourceTree = "<group>";
		};
		B1C6952C1F7179D400A3EC32 = {
			isa = PBXGroup;
			children = (
				B1C695371F7179D400A3EC32 /* Timelapse Pro */,
				B1C695361F7179D400A3EC32 /* Products */,
				16360528A7D23B7290A3EBB7 /* Pods */,
				34007DCC0941B26E3FF4CCA5 /* Frameworks */,
			);
			sourceTree = "<group>";
		};
		B1C695361F7179D400A3EC32 /* Products */ = {
			isa = PBXGroup;
			children = (
				B1C695351F7179D400A3EC32 /* Timelapse Pro.app */,
			);
			name = Products;
			sourceTree = "<group>";
		};
		B1C695371F7179D400A3EC32 /* Timelapse Pro */ = {
			isa = PBXGroup;
			children = (
				B1C695381F7179D400A3EC32 /* AppDelegate.swift */,
				B1C6953A1F7179D400A3EC32 /* SerialViewController.swift */,
				B158122A1F71A699008B81F2 /* ScannerViewController.swift */,
				B15812281F71A669008B81F2 /* BluetoothSerial.swift */,
				B1D9DCB21FED3E7F00B2941A /* UIViewExtensions.swift */,
				B1C6953C1F7179D400A3EC32 /* Main.storyboard */,
				41F236DA1FE96118007175CB /* TableViewController.swift */,
				41F236CE1FE913A7007175CB /* MyCollectionViewCell.swift */,
				41F236D21FE913DE007175CB /* NewCollectionViewController.swift */,
				414C157C1FE53414008B2BDD /* LaunchScreenController.swift */,
				B15812241F71A566008B81F2 /* MBProgressHUD.h */,
				B15812251F71A566008B81F2 /* MBProgressHUD.m */,
				B1C6953F1F7179D400A3EC32 /* Assets.xcassets */,
				B1C695411F7179D400A3EC32 /* LaunchScreen.storyboard */,
				B15812271F71A574008B81F2 /* Timelapse Pro-Bridging-Header.h */,
				B1C695441F7179D400A3EC32 /* Info.plist */,
			);
			path = "Timelapse Pro";
			sourceTree = "<group>";
		};
/* End PBXGroup section */

/* Begin PBXNativeTarget section */
		B1C695341F7179D400A3EC32 /* Timelapse Pro */ = {
			isa = PBXNativeTarget;
			buildConfigurationList = B1C695471F7179D400A3EC32 /* Build configuration list for PBXNativeTarget "Timelapse Pro" */;
			buildPhases = (
				75EF80C28D1FFE491F377AF0 /* [CP] Check Pods Manifest.lock */,
				B1C695311F7179D400A3EC32 /* Sources */,
				B1C695321F7179D400A3EC32 /* Frameworks */,
				B1C695331F7179D400A3EC32 /* Resources */,
				7F1617B21FFC3E2870318412 /* [CP] Embed Pods Frameworks */,
				DB2BA5BF7E9638D8C8E40C1A /* [CP] Copy Pods Resources */,
			);
			buildRules = (
			);
			dependencies = (
			);
			name = "Timelapse Pro";
			productName = "Timelapse Pro";
			productReference = B1C695351F7179D400A3EC32 /* Timelapse Pro.app */;
			productType = "com.apple.product-type.application";
		};
/* End PBXNativeTarget section */

/* Begin PBXProject section */
		B1C6952D1F7179D400A3EC32 /* Project object */ = {
			isa = PBXProject;
			attributes = {
				LastSwiftUpdateCheck = 0830;
				LastUpgradeCheck = 0830;
				ORGANIZATIONNAME = "flying-raspberry";
				TargetAttributes = {
					B1C695341F7179D400A3EC32 = {
						CreatedOnToolsVersion = 8.3.3;
						DevelopmentTeam = QP2QWY4CCW;
						LastSwiftMigration = 0830;
						ProvisioningStyle = Automatic;
					};
				};
			};
			buildConfigurationList = B1C695301F7179D400A3EC32 /* Build configuration list for PBXProject "Timelapse Pro" */;
			compatibilityVersion = "Xcode 3.2";
			developmentRegion = English;
			hasScannedForEncodings = 0;
			knownRegions = (
				en,
				Base,
			);
			mainGroup = B1C6952C1F7179D400A3EC32;
			productRefGroup = B1C695361F7179D400A3EC32 /* Products */;
			projectDirPath = "";
			projectRoot = "";
			targets = (
				B1C695341F7179D400A3EC32 /* Timelapse Pro */,
			);
		};
/* End PBXProject section */

/* Begin PBXResourcesBuildPhase section */
		B1C695331F7179D400A3EC32 /* Resources */ = {
			isa = PBXResourcesBuildPhase;
			buildActionMask = 2147483647;
			files = (
				B1C695431F7179D400A3EC32 /* LaunchScreen.storyboard in Resources */,
				B1C695401F7179D400A3EC32 /* Assets.xcassets in Resources */,
				B1C6953E1F7179D400A3EC32 /* Main.storyboard in Resources */,
			);
			runOnlyForDeploymentPostprocessing = 0;
		};
/* End PBXResourcesBuildPhase section */

/* Begin PBXShellScriptBuildPhase section */
		75EF80C28D1FFE491F377AF0 /* [CP] Check Pods Manifest.lock */ = {
			isa = PBXShellScriptBuildPhase;
			buildActionMask = 2147483647;
			files = (
			);
			inputPaths = (
			);
			name = "[CP] Check Pods Manifest.lock";
			outputPaths = (
			);
			runOnlyForDeploymentPostprocessing = 0;
			shellPath = /bin/sh;
			shellScript = "diff \"${PODS_PODFILE_DIR_PATH}/Podfile.lock\" \"${PODS_ROOT}/Manifest.lock\" > /dev/null\nif [ $? != 0 ] ; then\n    # print error to STDERR\n    echo \"error: The sandbox is not in sync with the Podfile.lock. Run 'pod install' or update your CocoaPods installation.\" >&2\n    exit 1\nfi\n";
			showEnvVarsInLog = 0;
		};
		7F1617B21FFC3E2870318412 /* [CP] Embed Pods Frameworks */ = {
			isa = PBXShellScriptBuildPhase;
			buildActionMask = 2147483647;
			files = (
			);
			inputPaths = (
			);
			name = "[CP] Embed Pods Frameworks";
			outputPaths = (
			);
			runOnlyForDeploymentPostprocessing = 0;
			shellPath = /bin/sh;
			shellScript = "\"${SRCROOT}/Pods/Target Support Files/Pods-Timelapse Pro/Pods-Timelapse Pro-frameworks.sh\"\n";
			showEnvVarsInLog = 0;
		};
		DB2BA5BF7E9638D8C8E40C1A /* [CP] Copy Pods Resources */ = {
			isa = PBXShellScriptBuildPhase;
			buildActionMask = 2147483647;
			files = (
			);
			inputPaths = (
			);
			name = "[CP] Copy Pods Resources";
			outputPaths = (
			);
			runOnlyForDeploymentPostprocessing = 0;
			shellPath = /bin/sh;
			shellScript = "\"${SRCROOT}/Pods/Target Support Files/Pods-Timelapse Pro/Pods-Timelapse Pro-resources.sh\"\n";
			showEnvVarsInLog = 0;
		};
/* End PBXShellScriptBuildPhase section */

/* Begin PBXSourcesBuildPhase section */
		B1C695311F7179D400A3EC32 /* Sources */ = {
			isa = PBXSourcesBuildPhase;
			buildActionMask = 2147483647;
			files = (
				B1C6953B1F7179D400A3EC32 /* SerialViewController.swift in Sources */,
				41F236D01FE913A7007175CB /* MyCollectionViewCell.swift in Sources */,
				B15812261F71A566008B81F2 /* MBProgressHUD.m in Sources */,
				41F236D31FE913DE007175CB /* NewCollectionViewController.swift in Sources */,
				B15812291F71A669008B81F2 /* BluetoothSerial.swift in Sources */,
				B158122B1F71A699008B81F2 /* ScannerViewController.swift in Sources */,
				B1D9DCB31FED3E7F00B2941A /* UIViewExtensions.swift in Sources */,
				414C157D1FE53414008B2BDD /* LaunchScreenController.swift in Sources */,
				41F236DB1FE96118007175CB /* TableViewController.swift in Sources */,
				B1C695391F7179D400A3EC32 /* AppDelegate.swift in Sources */,
			);
			runOnlyForDeploymentPostprocessing = 0;
		};
/* End PBXSourcesBuildPhase section */

/* Begin PBXVariantGroup section */
		B1C6953C1F7179D400A3EC32 /* Main.storyboard */ = {
			isa = PBXVariantGroup;
			children = (
				B1C6953D1F7179D400A3EC32 /* Base */,
			);
			name = Main.storyboard;
			sourceTree = "<group>";
		};
		B1C695411F7179D400A3EC32 /* LaunchScreen.storyboard */ = {
			isa = PBXVariantGroup;
			children = (
				B1C695421F7179D400A3EC32 /* Base */,
			);
			name = LaunchScreen.storyboard;
			sourceTree = "<group>";
		};
/* End PBXVariantGroup section */

/* Begin XCBuildConfiguration section */
		B1C695451F7179D400A3EC32 /* Debug */ = {
			isa = XCBuildConfiguration;
			buildSettings = {
				ALWAYS_SEARCH_USER_PATHS = NO;
				CLANG_ANALYZER_NONNULL = YES;
				CLANG_ANALYZER_NUMBER_OBJECT_CONVERSION = YES_AGGRESSIVE;
				CLANG_CXX_LANGUAGE_STANDARD = "gnu++0x";
				CLANG_CXX_LIBRARY = "libc++";
				CLANG_ENABLE_MODULES = YES;
				CLANG_ENABLE_OBJC_ARC = YES;
				CLANG_WARN_BOOL_CONVERSION = YES;
				CLANG_WARN_CONSTANT_CONVERSION = YES;
				CLANG_WARN_DIRECT_OBJC_ISA_USAGE = YES_ERROR;
				CLANG_WARN_DOCUMENTATION_COMMENTS = YES;
				CLANG_WARN_EMPTY_BODY = YES;
				CLANG_WARN_ENUM_CONVERSION = YES;
				CLANG_WARN_INFINITE_RECURSION = YES;
				CLANG_WARN_INT_CONVERSION = YES;
				CLANG_WARN_OBJC_ROOT_CLASS = YES_ERROR;
				CLANG_WARN_SUSPICIOUS_MOVE = YES;
				CLANG_WARN_UNREACHABLE_CODE = YES;
				CLANG_WARN__DUPLICATE_METHOD_MATCH = YES;
				"CODE_SIGN_IDENTITY[sdk=iphoneos*]" = "iPhone Developer";
				COPY_PHASE_STRIP = NO;
				DEBUG_INFORMATION_FORMAT = dwarf;
				ENABLE_STRICT_OBJC_MSGSEND = YES;
				ENABLE_TESTABILITY = YES;
				GCC_C_LANGUAGE_STANDARD = gnu99;
				GCC_DYNAMIC_NO_PIC = NO;
				GCC_NO_COMMON_BLOCKS = YES;
				GCC_OPTIMIZATION_LEVEL = 0;
				GCC_PREPROCESSOR_DEFINITIONS = (
					"DEBUG=1",
					"$(inherited)",
				);
				GCC_WARN_64_TO_32_BIT_CONVERSION = YES;
				GCC_WARN_ABOUT_RETURN_TYPE = YES_ERROR;
				GCC_WARN_UNDECLARED_SELECTOR = YES;
				GCC_WARN_UNINITIALIZED_AUTOS = YES_AGGRESSIVE;
				GCC_WARN_UNUSED_FUNCTION = YES;
				GCC_WARN_UNUSED_VARIABLE = YES;
				IPHONEOS_DEPLOYMENT_TARGET = 10.3;
				MTL_ENABLE_DEBUG_INFO = YES;
				ONLY_ACTIVE_ARCH = YES;
				SDKROOT = iphoneos;
				SWIFT_ACTIVE_COMPILATION_CONDITIONS = DEBUG;
				SWIFT_OPTIMIZATION_LEVEL = "-Onone";
			};
			name = Debug;
		};
		B1C695461F7179D400A3EC32 /* Release */ = {
			isa = XCBuildConfiguration;
			buildSettings = {
				ALWAYS_SEARCH_USER_PATHS = NO;
				CLANG_ANALYZER_NONNULL = YES;
				CLANG_ANALYZER_NUMBER_OBJECT_CONVERSION = YES_AGGRESSIVE;
				CLANG_CXX_LANGUAGE_STANDARD = "gnu++0x";
				CLANG_CXX_LIBRARY = "libc++";
				CLANG_ENABLE_MODULES = YES;
				CLANG_ENABLE_OBJC_ARC = YES;
				CLANG_WARN_BOOL_CONVERSION = YES;
				CLANG_WARN_CONSTANT_CONVERSION = YES;
				CLANG_WARN_DIRECT_OBJC_ISA_USAGE = YES_ERROR;
				CLANG_WARN_DOCUMENTATION_COMMENTS = YES;
				CLANG_WARN_EMPTY_BODY = YES;
				CLANG_WARN_ENUM_CONVERSION = YES;
				CLANG_WARN_INFINITE_RECURSION = YES;
				CLANG_WARN_INT_CONVERSION = YES;
				CLANG_WARN_OBJC_ROOT_CLASS = YES_ERROR;
				CLANG_WARN_SUSPICIOUS_MOVE = YES;
				CLANG_WARN_UNREACHABLE_CODE = YES;
				CLANG_WARN__DUPLICATE_METHOD_MATCH = YES;
				"CODE_SIGN_IDENTITY[sdk=iphoneos*]" = "iPhone Developer";
				COPY_PHASE_STRIP = NO;
				DEBUG_INFORMATION_FORMAT = "dwarf-with-dsym";
				ENABLE_NS_ASSERTIONS = NO;
				ENABLE_STRICT_OBJC_MSGSEND = YES;
				GCC_C_LANGUAGE_STANDARD = gnu99;
				GCC_NO_COMMON_BLOCKS = YES;
				GCC_WARN_64_TO_32_BIT_CONVERSION = YES;
				GCC_WARN_ABOUT_RETURN_TYPE = YES_ERROR;
				GCC_WARN_UNDECLARED_SELECTOR = YES;
				GCC_WARN_UNINITIALIZED_AUTOS = YES_AGGRESSIVE;
				GCC_WARN_UNUSED_FUNCTION = YES;
				GCC_WARN_UNUSED_VARIABLE = YES;
				IPHONEOS_DEPLOYMENT_TARGET = 10.3;
				MTL_ENABLE_DEBUG_INFO = NO;
				SDKROOT = iphoneos;
				SWIFT_OPTIMIZATION_LEVEL = "-Owholemodule";
				VALIDATE_PRODUCT = YES;
			};
			name = Release;
		};
		B1C695481F7179D400A3EC32 /* Debug */ = {
			isa = XCBuildConfiguration;
			baseConfigurationReference = F78A49B69C568464145406FD /* Pods-Timelapse Pro.debug.xcconfig */;
			buildSettings = {
				ASSETCATALOG_COMPILER_APPICON_NAME = AppIcon;
				CLANG_ENABLE_MODULES = YES;
				"CODE_SIGN_IDENTITY[sdk=iphoneos*]" = "iPhone Developer";
				DEVELOPMENT_TEAM = QP2QWY4CCW;
				INFOPLIST_FILE = "Timelapse Pro/Info.plist";
				LD_RUNPATH_SEARCH_PATHS = "$(inherited) @executable_path/Frameworks";
				PRODUCT_BUNDLE_IDENTIFIER = "com.michael.Timelapse-Pro";
				PRODUCT_NAME = "$(TARGET_NAME)";
				PROVISIONING_PROFILE_SPECIFIER = "";
				SWIFT_OBJC_BRIDGING_HEADER = "Timelapse Pro/Timelapse Pro-Bridging-Header.h";
				SWIFT_OPTIMIZATION_LEVEL = "-Onone";
				SWIFT_VERSION = 3.0;
			};
			name = Debug;
		};
		B1C695491F7179D400A3EC32 /* Release */ = {
			isa = XCBuildConfiguration;
			baseConfigurationReference = 3C21DD8D46D7C5D8CC32B002 /* Pods-Timelapse Pro.release.xcconfig */;
			buildSettings = {
				ASSETCATALOG_COMPILER_APPICON_NAME = AppIcon;
				CLANG_ENABLE_MODULES = YES;
				"CODE_SIGN_IDENTITY[sdk=iphoneos*]" = "iPhone Developer";
				DEVELOPMENT_TEAM = QP2QWY4CCW;
				INFOPLIST_FILE = "Timelapse Pro/Info.plist";
				LD_RUNPATH_SEARCH_PATHS = "$(inherited) @executable_path/Frameworks";
				PRODUCT_BUNDLE_IDENTIFIER = "com.michael.Timelapse-Pro";
				PRODUCT_NAME = "$(TARGET_NAME)";
				PROVISIONING_PROFILE_SPECIFIER = "";
				SWIFT_OBJC_BRIDGING_HEADER = "Timelapse Pro/Timelapse Pro-Bridging-Header.h";
				SWIFT_VERSION = 3.0;
			};
			name = Release;
		};
/* End XCBuildConfiguration section */

/* Begin XCConfigurationList section */
		B1C695301F7179D400A3EC32 /* Build configuration list for PBXProject "Timelapse Pro" */ = {
			isa = XCConfigurationList;
			buildConfigurations = (
				B1C695451F7179D400A3EC32 /* Debug */,
				B1C695461F7179D400A3EC32 /* Release */,
			);
			defaultConfigurationIsVisible = 0;
			defaultConfigurationName = Release;
		};
		B1C695471F7179D400A3EC32 /* Build configuration list for PBXNativeTarget "Timelapse Pro" */ = {
			isa = XCConfigurationList;
			buildConfigurations = (
				B1C695481F7179D400A3EC32 /* Debug */,
				B1C695491F7179D400A3EC32 /* Release */,
			);
			defaultConfigurationIsVisible = 0;
			defaultConfigurationName = Release;
		};
/* End XCConfigurationList section */
	};
	rootObject = B1C6952D1F7179D400A3EC32 /* Project object */;
}
